{
  "name": "@textbook/typekit",
  "version": "0.1.0",
  "lockfileVersion": 3,
  "requires": true,
  "packages": {
    "": {
      "name": "@textbook/typekit",
      "version": "0.1.0",
      "license": "ISC",
      "workspaces": [
        "packages/server"
      ],
      "engines": {
        "node": ">=18",
        "npm": ">=9"
      }
    },
    "node_modules/@typekit/server": {
      "resolved": "packages/server",
      "link": true
    },
    "packages/server": {
      "name": "@typekit/server",
      "version": "0.1.0",
      "license": "ISC"
    }
  }
}
